
Microsoft Visual Studio Solution File, Format Version 12.00
# Visual Studio Version 16
VisualStudioVersion = 16.0.31402.337
MinimumVisualStudioVersion = 10.0.40219.1
Project("{FAE04EC0-301F-11D3-BF4B-00C04F79EFBC}") = "FirstWebAppRazorPages", "FirstWebAppRazorPages\FirstWebAppRazorPages.csproj", "{81F1164A-DEFA-41AE-BD76-FC5455C330EB}"
EndProject
Global
	GlobalSection(SolutionConfigurationPlatforms) = preSolution
		Debug|Any CPU = Debug|Any CPU
		Release|Any CPU = Release|Any CPU
	EndGlobalSection
	GlobalSection(ProjectConfigurationPlatforms) = postSolution
		{81F1164A-DEFA-41AE-BD76-FC5455C330EB}.Debug|Any CPU.ActiveCfg = Debug|Any CPU
		{81F1164A-DEFA-41AE-BD76-FC5455C330EB}.Debug|Any CPU.Build.0 = Debug|Any CPU
		{81F1164A-DEFA-41AE-BD76-FC5455C330EB}.Release|Any CPU.ActiveCfg = Release|Any CPU
		{81F1164A-DEFA-41AE-BD76-FC5455C330EB}.Release|Any CPU.Build.0 = Release|Any CPU
	EndGlobalSection
	GlobalSection(SolutionProperties) = preSolution
		HideSolutionNode = FALSE
	EndGlobalSection
	GlobalSection(ExtensibilityGlobals) = postSolution
		SolutionGuid = {37B8D977-DD62-44F0-8224-89D4AB59DE39}
	EndGlobalSection
EndGlobal
